
Microsoft Visual Studio Solution File, Format Version 12.00
# Visual Studio 15
VisualStudioVersion = 15.0.27004.2002
MinimumVisualStudioVersion = 10.0.40219.1
Project("{8BC9CEB8-8B4A-11D0-8D11-00A0C91BC942}") = "exercise1.11", "exercise2.1\exercise2.1.vcxproj", "{D3743E7D-8E91-438C-862B-8A5729DEEBDF}"
EndProject
Project("{911E67C6-3D85-4FCE-B560-20A9C3E3FF48}") = "exercise2.0", "..\exercise2.0\Debug\exercise2.0.exe", "{1E2447E5-C663-4CF6-9530-B90A0AB3E805}"
	ProjectSection(DebuggerProjectSystem) = preProject
		PortSupplier = 00000000-0000-0000-0000-000000000000
		Executable = C:\Users\Wangsir\source\repos\exercise2.0\Debug\exercise2.0.exe
		RemoteMachine = WANGSIR-PC
		StartingDirectory = C:\Users\Wangsir\source\repos\exercise2.0\Debug
		Environment = Default
		LaunchingEngine = 00000000-0000-0000-0000-000000000000
		UseLegacyDebugEngines = No
		LaunchSQLEngine = No
		AttachLaunchAction = No
	EndProjectSection
EndProject
Global
	GlobalSection(SolutionConfigurationPlatforms) = preSolution
		Debug|x64 = Debug|x64
		Debug|x86 = Debug|x86
		Release|x64 = Release|x64
		Release|x86 = Release|x86
	EndGlobalSection
	GlobalSection(ProjectConfigurationPlatforms) = postSolution
		{D3743E7D-8E91-438C-862B-8A5729DEEBDF}.Debug|x64.ActiveCfg = Debug|x64
		{D3743E7D-8E91-438C-862B-8A5729DEEBDF}.Debug|x64.Build.0 = Debug|x64
		{D3743E7D-8E91-438C-862B-8A5729DEEBDF}.Debug|x86.ActiveCfg = Debug|Win32
		{D3743E7D-8E91-438C-862B-8A5729DEEBDF}.Debug|x86.Build.0 = Debug|Win32
		{D3743E7D-8E91-438C-862B-8A5729DEEBDF}.Release|x64.ActiveCfg = Release|x64
		{D3743E7D-8E91-438C-862B-8A5729DEEBDF}.Release|x64.Build.0 = Release|x64
		{D3743E7D-8E91-438C-862B-8A5729DEEBDF}.Release|x86.ActiveCfg = Release|Win32
		{D3743E7D-8E91-438C-862B-8A5729DEEBDF}.Release|x86.Build.0 = Release|Win32
		{1E2447E5-C663-4CF6-9530-B90A0AB3E805}.Debug|x64.ActiveCfg = Release|x86
		{1E2447E5-C663-4CF6-9530-B90A0AB3E805}.Debug|x86.ActiveCfg = Release|x86
		{1E2447E5-C663-4CF6-9530-B90A0AB3E805}.Release|x64.ActiveCfg = Release|x86
		{1E2447E5-C663-4CF6-9530-B90A0AB3E805}.Release|x86.ActiveCfg = Release|x86
	EndGlobalSection
	GlobalSection(SolutionProperties) = preSolution
		HideSolutionNode = FALSE
	EndGlobalSection
	GlobalSection(ExtensibilityGlobals) = postSolution
		SolutionGuid = {8145050B-F259-4EA1-B31F-25F16DF4297D}
	EndGlobalSection
EndGlobal
