
Microsoft Visual Studio Solution File, Format Version 12.00
# Visual Studio 15
VisualStudioVersion = 15.0.27004.2002
MinimumVisualStudioVersion = 10.0.40219.1
Project("{8BC9CEB8-8B4A-11D0-8D11-00A0C91BC942}") = "exercise3.2", "exercise3.2\exercise3.2.vcxproj", "{52AE88F9-6501-4236-9248-FDD4B75A3ECB}"
EndProject
Global
	GlobalSection(SolutionConfigurationPlatforms) = preSolution
		Debug|x64 = Debug|x64
		Debug|x86 = Debug|x86
		Release|x64 = Release|x64
		Release|x86 = Release|x86
	EndGlobalSection
	GlobalSection(ProjectConfigurationPlatforms) = postSolution
		{52AE88F9-6501-4236-9248-FDD4B75A3ECB}.Debug|x64.ActiveCfg = Debug|x64
		{52AE88F9-6501-4236-9248-FDD4B75A3ECB}.Debug|x64.Build.0 = Debug|x64
		{52AE88F9-6501-4236-9248-FDD4B75A3ECB}.Debug|x86.ActiveCfg = Debug|Win32
		{52AE88F9-6501-4236-9248-FDD4B75A3ECB}.Debug|x86.Build.0 = Debug|Win32
		{52AE88F9-6501-4236-9248-FDD4B75A3ECB}.Release|x64.ActiveCfg = Release|x64
		{52AE88F9-6501-4236-9248-FDD4B75A3ECB}.Release|x64.Build.0 = Release|x64
		{52AE88F9-6501-4236-9248-FDD4B75A3ECB}.Release|x86.ActiveCfg = Release|Win32
		{52AE88F9-6501-4236-9248-FDD4B75A3ECB}.Release|x86.Build.0 = Release|Win32
	EndGlobalSection
	GlobalSection(SolutionProperties) = preSolution
		HideSolutionNode = FALSE
	EndGlobalSection
	GlobalSection(ExtensibilityGlobals) = postSolution
		SolutionGuid = {2480F169-6CAF-4EB0-8DA7-986A1133D007}
	EndGlobalSection
EndGlobal
