
Microsoft Visual Studio Solution File, Format Version 12.00
# Visual Studio 15
VisualStudioVersion = 15.0.27004.2002
MinimumVisualStudioVersion = 10.0.40219.1
Project("{8BC9CEB8-8B4A-11D0-8D11-00A0C91BC942}") = "exercise3.2.01", "exercise3.2.01\exercise3.2.01.vcxproj", "{6BB9EB2E-C625-4F0B-BC96-82A221D558CA}"
EndProject
Global
	GlobalSection(SolutionConfigurationPlatforms) = preSolution
		Debug|x64 = Debug|x64
		Debug|x86 = Debug|x86
		Release|x64 = Release|x64
		Release|x86 = Release|x86
	EndGlobalSection
	GlobalSection(ProjectConfigurationPlatforms) = postSolution
		{6BB9EB2E-C625-4F0B-BC96-82A221D558CA}.Debug|x64.ActiveCfg = Debug|x64
		{6BB9EB2E-C625-4F0B-BC96-82A221D558CA}.Debug|x64.Build.0 = Debug|x64
		{6BB9EB2E-C625-4F0B-BC96-82A221D558CA}.Debug|x86.ActiveCfg = Debug|Win32
		{6BB9EB2E-C625-4F0B-BC96-82A221D558CA}.Debug|x86.Build.0 = Debug|Win32
		{6BB9EB2E-C625-4F0B-BC96-82A221D558CA}.Release|x64.ActiveCfg = Release|x64
		{6BB9EB2E-C625-4F0B-BC96-82A221D558CA}.Release|x64.Build.0 = Release|x64
		{6BB9EB2E-C625-4F0B-BC96-82A221D558CA}.Release|x86.ActiveCfg = Release|Win32
		{6BB9EB2E-C625-4F0B-BC96-82A221D558CA}.Release|x86.Build.0 = Release|Win32
	EndGlobalSection
	GlobalSection(SolutionProperties) = preSolution
		HideSolutionNode = FALSE
	EndGlobalSection
	GlobalSection(ExtensibilityGlobals) = postSolution
		SolutionGuid = {22616E4B-34DB-456E-959C-1B8A2BF3BF73}
	EndGlobalSection
EndGlobal
