
Microsoft Visual Studio Solution File, Format Version 12.00
# Visual Studio 15
VisualStudioVersion = 15.0.27004.2002
MinimumVisualStudioVersion = 10.0.40219.1
Project("{8BC9CEB8-8B4A-11D0-8D11-00A0C91BC942}") = "exercise3.24", "exercise3.24\exercise3.24.vcxproj", "{4781439C-772D-458B-A181-38EA04BDDE57}"
EndProject
Global
	GlobalSection(SolutionConfigurationPlatforms) = preSolution
		Debug|x64 = Debug|x64
		Debug|x86 = Debug|x86
		Release|x64 = Release|x64
		Release|x86 = Release|x86
	EndGlobalSection
	GlobalSection(ProjectConfigurationPlatforms) = postSolution
		{4781439C-772D-458B-A181-38EA04BDDE57}.Debug|x64.ActiveCfg = Debug|x64
		{4781439C-772D-458B-A181-38EA04BDDE57}.Debug|x64.Build.0 = Debug|x64
		{4781439C-772D-458B-A181-38EA04BDDE57}.Debug|x86.ActiveCfg = Debug|Win32
		{4781439C-772D-458B-A181-38EA04BDDE57}.Debug|x86.Build.0 = Debug|Win32
		{4781439C-772D-458B-A181-38EA04BDDE57}.Release|x64.ActiveCfg = Release|x64
		{4781439C-772D-458B-A181-38EA04BDDE57}.Release|x64.Build.0 = Release|x64
		{4781439C-772D-458B-A181-38EA04BDDE57}.Release|x86.ActiveCfg = Release|Win32
		{4781439C-772D-458B-A181-38EA04BDDE57}.Release|x86.Build.0 = Release|Win32
	EndGlobalSection
	GlobalSection(SolutionProperties) = preSolution
		HideSolutionNode = FALSE
	EndGlobalSection
	GlobalSection(ExtensibilityGlobals) = postSolution
		SolutionGuid = {8E409DA5-C0F2-485A-9BB7-D5AA3E50E515}
	EndGlobalSection
EndGlobal
